
Microsoft Visual Studio Solution File, Format Version 12.00
# Visual Studio Version 16
VisualStudioVersion = 16.0.30711.63
MinimumVisualStudioVersion = 10.0.40219.1
Project("{FAE04EC0-301F-11D3-BF4B-00C04F79EFBC}") = "ArangoDBLite", "ArangoDBLite\ArangoDBLite.csproj", "{52497BCD-5546-49F3-9661-7CFADCF85A3E}"
EndProject
Project("{FAE04EC0-301F-11D3-BF4B-00C04F79EFBC}") = "Test", "Test\Test.csproj", "{351B3D10-F4AF-4941-927E-087C0011E97F}"
EndProject
Global
	GlobalSection(SolutionConfigurationPlatforms) = preSolution
		Debug|Any CPU = Debug|Any CPU
		Release|Any CPU = Release|Any CPU
	EndGlobalSection
	GlobalSection(ProjectConfigurationPlatforms) = postSolution
		{52497BCD-5546-49F3-9661-7CFADCF85A3E}.Debug|Any CPU.ActiveCfg = Debug|Any CPU
		{52497BCD-5546-49F3-9661-7CFADCF85A3E}.Debug|Any CPU.Build.0 = Debug|Any CPU
		{52497BCD-5546-49F3-9661-7CFADCF85A3E}.Release|Any CPU.ActiveCfg = Release|Any CPU
		{52497BCD-5546-49F3-9661-7CFADCF85A3E}.Release|Any CPU.Build.0 = Release|Any CPU
		{351B3D10-F4AF-4941-927E-087C0011E97F}.Debug|Any CPU.ActiveCfg = Debug|Any CPU
		{351B3D10-F4AF-4941-927E-087C0011E97F}.Debug|Any CPU.Build.0 = Debug|Any CPU
		{351B3D10-F4AF-4941-927E-087C0011E97F}.Release|Any CPU.ActiveCfg = Release|Any CPU
		{351B3D10-F4AF-4941-927E-087C0011E97F}.Release|Any CPU.Build.0 = Release|Any CPU
	EndGlobalSection
	GlobalSection(SolutionProperties) = preSolution
		HideSolutionNode = FALSE
	EndGlobalSection
	GlobalSection(ExtensibilityGlobals) = postSolution
		SolutionGuid = {5424B990-4F93-405E-B56C-C223FCA657FE}
	EndGlobalSection
EndGlobal
